// !$*UTF8*$!
{
	archiveVersion = 1;
	classes = {
	};
	objectVersion = 51;
	objects = {

/* Begin PBXBuildFile section */
		2B78709801CCA26899713BCC /* Pods_ClearScore_ClearScoreUITests.framework in Frameworks */ = {isa = PBXBuildFile; fileRef = 31866B4B9EF00A5BB7F3094D /* Pods_ClearScore_ClearScoreUITests.framework */; };
		32D9C098C4DEADC759ADD2EC /* Pods_ClearScoreTests.framework in Frameworks */ = {isa = PBXBuildFile; fileRef = E948F1351EA9067D1BC8EE55 /* Pods_ClearScoreTests.framework */; };
		97077BFD26C2E3A700570DA1 /* CreditScore.swift in Sources */ = {isa = PBXBuildFile; fileRef = 97077BFC26C2E3A700570DA1 /* CreditScore.swift */; };
		97077C0126C2E86400570DA1 /* CreditScore.swift in Sources */ = {isa = PBXBuildFile; fileRef = 97077BFC26C2E3A700570DA1 /* CreditScore.swift */; };
		9796292226C2C1FF00FD5FFB /* AppDelegate.swift in Sources */ = {isa = PBXBuildFile; fileRef = 9796292126C2C1FF00FD5FFB /* AppDelegate.swift */; };
		9796292426C2C1FF00FD5FFB /* SceneDelegate.swift in Sources */ = {isa = PBXBuildFile; fileRef = 9796292326C2C1FF00FD5FFB /* SceneDelegate.swift */; };
		9796292626C2C1FF00FD5FFB /* ViewController.swift in Sources */ = {isa = PBXBuildFile; fileRef = 9796292526C2C1FF00FD5FFB /* ViewController.swift */; };
		9796292926C2C1FF00FD5FFB /* Main.storyboard in Resources */ = {isa = PBXBuildFile; fileRef = 9796292726C2C1FF00FD5FFB /* Main.storyboard */; };
		9796292B26C2C20100FD5FFB /* Assets.xcassets in Resources */ = {isa = PBXBuildFile; fileRef = 9796292A26C2C20100FD5FFB /* Assets.xcassets */; };
		9796292E26C2C20100FD5FFB /* LaunchScreen.storyboard in Resources */ = {isa = PBXBuildFile; fileRef = 9796292C26C2C20100FD5FFB /* LaunchScreen.storyboard */; };
		9796293926C2C20100FD5FFB /* ClearScoreTests.swift in Sources */ = {isa = PBXBuildFile; fileRef = 9796293826C2C20100FD5FFB /* ClearScoreTests.swift */; };
		9796294426C2C20100FD5FFB /* ClearScoreUITests.swift in Sources */ = {isa = PBXBuildFile; fileRef = 9796294326C2C20100FD5FFB /* ClearScoreUITests.swift */; };
		9796295526C2C5D600FD5FFB /* API.swift in Sources */ = {isa = PBXBuildFile; fileRef = 9796295426C2C5D600FD5FFB /* API.swift */; };
		9796295626C2C5D600FD5FFB /* API.swift in Sources */ = {isa = PBXBuildFile; fileRef = 9796295426C2C5D600FD5FFB /* API.swift */; };
		B461361BB7488F3D93C8CE88 /* Pods_ClearScore.framework in Frameworks */ = {isa = PBXBuildFile; fileRef = 75DFA7546D9CF0B8C42F6288 /* Pods_ClearScore.framework */; };
/* End PBXBuildFile section */

/* Begin PBXContainerItemProxy section */
		9796293526C2C20100FD5FFB /* PBXContainerItemProxy */ = {
			isa = PBXContainerItemProxy;
			containerPortal = 9796291626C2C1FF00FD5FFB /* Project object */;
			proxyType = 1;
			remoteGlobalIDString = 9796291D26C2C1FF00FD5FFB;
			remoteInfo = ClearScore;
		};
		9796294026C2C20100FD5FFB /* PBXContainerItemProxy */ = {
			isa = PBXContainerItemProxy;
			containerPortal = 9796291626C2C1FF00FD5FFB /* Project object */;
			proxyType = 1;
			remoteGlobalIDString = 9796291D26C2C1FF00FD5FFB;
			remoteInfo = ClearScore;
		};
/* End PBXContainerItemProxy section */

/* Begin PBXFileReference section */
		25BB9CDE936521F3A19DD821 /* Pods-ClearScoreTests.release.xcconfig */ = {isa = PBXFileReference; includeInIndex = 1; lastKnownFileType = text.xcconfig; name = "Pods-ClearScoreTests.release.xcconfig"; path = "Target Support Files/Pods-ClearScoreTests/Pods-ClearScoreTests.release.xcconfig"; sourceTree = "<group>"; };
		31866B4B9EF00A5BB7F3094D /* Pods_ClearScore_ClearScoreUITests.framework */ = {isa = PBXFileReference; explicitFileType = wrapper.framework; includeInIndex = 0; path = Pods_ClearScore_ClearScoreUITests.framework; sourceTree = BUILT_PRODUCTS_DIR; };
		75DFA7546D9CF0B8C42F6288 /* Pods_ClearScore.framework */ = {isa = PBXFileReference; explicitFileType = wrapper.framework; includeInIndex = 0; path = Pods_ClearScore.framework; sourceTree = BUILT_PRODUCTS_DIR; };
		90243C0547B7468C9073C36D /* Pods-ClearScoreTests.debug.xcconfig */ = {isa = PBXFileReference; includeInIndex = 1; lastKnownFileType = text.xcconfig; name = "Pods-ClearScoreTests.debug.xcconfig"; path = "Target Support Files/Pods-ClearScoreTests/Pods-ClearScoreTests.debug.xcconfig"; sourceTree = "<group>"; };
		97077BFC26C2E3A700570DA1 /* CreditScore.swift */ = {isa = PBXFileReference; lastKnownFileType = sourcecode.swift; path = CreditScore.swift; sourceTree = "<group>"; };
		9796291E26C2C1FF00FD5FFB /* ClearScore.app */ = {isa = PBXFileReference; explicitFileType = wrapper.application; includeInIndex = 0; path = ClearScore.app; sourceTree = BUILT_PRODUCTS_DIR; };
		9796292126C2C1FF00FD5FFB /* AppDelegate.swift */ = {isa = PBXFileReference; lastKnownFileType = sourcecode.swift; path = AppDelegate.swift; sourceTree = "<group>"; };
		9796292326C2C1FF00FD5FFB /* SceneDelegate.swift */ = {isa = PBXFileReference; lastKnownFileType = sourcecode.swift; path = SceneDelegate.swift; sourceTree = "<group>"; };
		9796292526C2C1FF00FD5FFB /* ViewController.swift */ = {isa = PBXFileReference; lastKnownFileType = sourcecode.swift; path = ViewController.swift; sourceTree = "<group>"; };
		9796292826C2C1FF00FD5FFB /* Base */ = {isa = PBXFileReference; lastKnownFileType = file.storyboard; name = Base; path = Base.lproj/Main.storyboard; sourceTree = "<group>"; };
		9796292A26C2C20100FD5FFB /* Assets.xcassets */ = {isa = PBXFileReference; lastKnownFileType = folder.assetcatalog; path = Assets.xcassets; sourceTree = "<group>"; };
		9796292D26C2C20100FD5FFB /* Base */ = {isa = PBXFileReference; lastKnownFileType = file.storyboard; name = Base; path = Base.lproj/LaunchScreen.storyboard; sourceTree = "<group>"; };
		9796292F26C2C20100FD5FFB /* Info.plist */ = {isa = PBXFileReference; lastKnownFileType = text.plist.xml; path = Info.plist; sourceTree = "<group>"; };
		9796293426C2C20100FD5FFB /* ClearScoreTests.xctest */ = {isa = PBXFileReference; explicitFileType = wrapper.cfbundle; includeInIndex = 0; path = ClearScoreTests.xctest; sourceTree = BUILT_PRODUCTS_DIR; };
		9796293826C2C20100FD5FFB /* ClearScoreTests.swift */ = {isa = PBXFileReference; lastKnownFileType = sourcecode.swift; path = ClearScoreTests.swift; sourceTree = "<group>"; };
		9796293A26C2C20100FD5FFB /* Info.plist */ = {isa = PBXFileReference; lastKnownFileType = text.plist.xml; path = Info.plist; sourceTree = "<group>"; };
		9796293F26C2C20100FD5FFB /* ClearScoreUITests.xctest */ = {isa = PBXFileReference; explicitFileType = wrapper.cfbundle; includeInIndex = 0; path = ClearScoreUITests.xctest; sourceTree = BUILT_PRODUCTS_DIR; };
		9796294326C2C20100FD5FFB /* ClearScoreUITests.swift */ = {isa = PBXFileReference; lastKnownFileType = sourcecode.swift; path = ClearScoreUITests.swift; sourceTree = "<group>"; };
		9796294526C2C20100FD5FFB /* Info.plist */ = {isa = PBXFileReference; lastKnownFileType = text.plist.xml; path = Info.plist; sourceTree = "<group>"; };
		9796295426C2C5D600FD5FFB /* API.swift */ = {isa = PBXFileReference; lastKnownFileType = sourcecode.swift; path = API.swift; sourceTree = "<group>"; };
		B8FDEBF37F5BD6756E45C86A /* Pods-ClearScore-ClearScoreUITests.debug.xcconfig */ = {isa = PBXFileReference; includeInIndex = 1; lastKnownFileType = text.xcconfig; name = "Pods-ClearScore-ClearScoreUITests.debug.xcconfig"; path = "Target Support Files/Pods-ClearScore-ClearScoreUITests/Pods-ClearScore-ClearScoreUITests.debug.xcconfig"; sourceTree = "<group>"; };
		BEA1962A21B68B107598C406 /* Pods-ClearScore.debug.xcconfig */ = {isa = PBXFileReference; includeInIndex = 1; lastKnownFileType = text.xcconfig; name = "Pods-ClearScore.debug.xcconfig"; path = "Target Support Files/Pods-ClearScore/Pods-ClearScore.debug.xcconfig"; sourceTree = "<group>"; };
		C66D4952AF30093CCCA642F1 /* Pods-ClearScore.release.xcconfig */ = {isa = PBXFileReference; includeInIndex = 1; lastKnownFileType = text.xcconfig; name = "Pods-ClearScore.release.xcconfig"; path = "Target Support Files/Pods-ClearScore/Pods-ClearScore.release.xcconfig"; sourceTree = "<group>"; };
		DB800602A54B984E4C399E45 /* Pods-ClearScore-ClearScoreUITests.release.xcconfig */ = {isa = PBXFileReference; includeInIndex = 1; lastKnownFileType = text.xcconfig; name = "Pods-ClearScore-ClearScoreUITests.release.xcconfig"; path = "Target Support Files/Pods-ClearScore-ClearScoreUITests/Pods-ClearScore-ClearScoreUITests.release.xcconfig"; sourceTree = "<group>"; };
		E948F1351EA9067D1BC8EE55 /* Pods_ClearScoreTests.framework */ = {isa = PBXFileReference; explicitFileType = wrapper.framework; includeInIndex = 0; path = Pods_ClearScoreTests.framework; sourceTree = BUILT_PRODUCTS_DIR; };
/* End PBXFileReference section */

/* Begin PBXFrameworksBuildPhase section */
		9796291B26C2C1FF00FD5FFB /* Frameworks */ = {
			isa = PBXFrameworksBuildPhase;
			buildActionMask = 2147483647;
			files = (
				B461361BB7488F3D93C8CE88 /* Pods_ClearScore.framework in Frameworks */,
			);
			runOnlyForDeploymentPostprocessing = 0;
		};
		9796293126C2C20100FD5FFB /* Frameworks */ = {
			isa = PBXFrameworksBuildPhase;
			buildActionMask = 2147483647;
			files = (
				32D9C098C4DEADC759ADD2EC /* Pods_ClearScoreTests.framework in Frameworks */,
			);
			runOnlyForDeploymentPostprocessing = 0;
		};
		9796293C26C2C20100FD5FFB /* Frameworks */ = {
			isa = PBXFrameworksBuildPhase;
			buildActionMask = 2147483647;
			files = (
				2B78709801CCA26899713BCC /* Pods_ClearScore_ClearScoreUITests.framework in Frameworks */,
			);
			runOnlyForDeploymentPostprocessing = 0;
		};
/* End PBXFrameworksBuildPhase section */

/* Begin PBXGroup section */
		38DE98B502ECEF67A1967450 /* Frameworks */ = {
			isa = PBXGroup;
			children = (
				75DFA7546D9CF0B8C42F6288 /* Pods_ClearScore.framework */,
				31866B4B9EF00A5BB7F3094D /* Pods_ClearScore_ClearScoreUITests.framework */,
				E948F1351EA9067D1BC8EE55 /* Pods_ClearScoreTests.framework */,
			);
			name = Frameworks;
			sourceTree = "<group>";
		};
		97077BFB26C2E33300570DA1 /* Models */ = {
			isa = PBXGroup;
			children = (
				97077BFC26C2E3A700570DA1 /* CreditScore.swift */,
			);
			path = Models;
			sourceTree = "<group>";
		};
		9796291526C2C1FF00FD5FFB = {
			isa = PBXGroup;
			children = (
				9796292026C2C1FF00FD5FFB /* ClearScore */,
				9796293726C2C20100FD5FFB /* ClearScoreTests */,
				9796294226C2C20100FD5FFB /* ClearScoreUITests */,
				9796291F26C2C1FF00FD5FFB /* Products */,
				F7B14737C6470F6F60BDD6B2 /* Pods */,
				38DE98B502ECEF67A1967450 /* Frameworks */,
			);
			sourceTree = "<group>";
		};
		9796291F26C2C1FF00FD5FFB /* Products */ = {
			isa = PBXGroup;
			children = (
				9796291E26C2C1FF00FD5FFB /* ClearScore.app */,
				9796293426C2C20100FD5FFB /* ClearScoreTests.xctest */,
				9796293F26C2C20100FD5FFB /* ClearScoreUITests.xctest */,
			);
			name = Products;
			sourceTree = "<group>";
		};
		9796292026C2C1FF00FD5FFB /* ClearScore */ = {
			isa = PBXGroup;
			children = (
				97077BFB26C2E33300570DA1 /* Models */,
				9796292126C2C1FF00FD5FFB /* AppDelegate.swift */,
				9796292326C2C1FF00FD5FFB /* SceneDelegate.swift */,
				9796292526C2C1FF00FD5FFB /* ViewController.swift */,
				9796292726C2C1FF00FD5FFB /* Main.storyboard */,
				9796292A26C2C20100FD5FFB /* Assets.xcassets */,
				9796292C26C2C20100FD5FFB /* LaunchScreen.storyboard */,
				9796292F26C2C20100FD5FFB /* Info.plist */,
				9796295426C2C5D600FD5FFB /* API.swift */,
			);
			path = ClearScore;
			sourceTree = "<group>";
		};
		9796293726C2C20100FD5FFB /* ClearScoreTests */ = {
			isa = PBXGroup;
			children = (
				9796293826C2C20100FD5FFB /* ClearScoreTests.swift */,
				9796293A26C2C20100FD5FFB /* Info.plist */,
			);
			path = ClearScoreTests;
			sourceTree = "<group>";
		};
		9796294226C2C20100FD5FFB /* ClearScoreUITests */ = {
			isa = PBXGroup;
			children = (
				9796294326C2C20100FD5FFB /* ClearScoreUITests.swift */,
				9796294526C2C20100FD5FFB /* Info.plist */,
			);
			path = ClearScoreUITests;
			sourceTree = "<group>";
		};
		F7B14737C6470F6F60BDD6B2 /* Pods */ = {
			isa = PBXGroup;
			children = (
				BEA1962A21B68B107598C406 /* Pods-ClearScore.debug.xcconfig */,
				C66D4952AF30093CCCA642F1 /* Pods-ClearScore.release.xcconfig */,
				B8FDEBF37F5BD6756E45C86A /* Pods-ClearScore-ClearScoreUITests.debug.xcconfig */,
				DB800602A54B984E4C399E45 /* Pods-ClearScore-ClearScoreUITests.release.xcconfig */,
				90243C0547B7468C9073C36D /* Pods-ClearScoreTests.debug.xcconfig */,
				25BB9CDE936521F3A19DD821 /* Pods-ClearScoreTests.release.xcconfig */,
			);
			path = Pods;
			sourceTree = "<group>";
		};
/* End PBXGroup section */

/* Begin PBXNativeTarget section */
		9796291D26C2C1FF00FD5FFB /* ClearScore */ = {
			isa = PBXNativeTarget;
			buildConfigurationList = 9796294826C2C20100FD5FFB /* Build configuration list for PBXNativeTarget "ClearScore" */;
			buildPhases = (
				4B35FAA6E070C094C62AFE52 /* [CP] Check Pods Manifest.lock */,
				9796291A26C2C1FF00FD5FFB /* Sources */,
				9796291B26C2C1FF00FD5FFB /* Frameworks */,
				9796291C26C2C1FF00FD5FFB /* Resources */,
				94FE1F290B5A2115BC1F06B1 /* [CP] Embed Pods Frameworks */,
			);
			buildRules = (
			);
			dependencies = (
			);
			name = ClearScore;
			productName = ClearScore;
			productReference = 9796291E26C2C1FF00FD5FFB /* ClearScore.app */;
			productType = "com.apple.product-type.application";
		};
		9796293326C2C20100FD5FFB /* ClearScoreTests */ = {
			isa = PBXNativeTarget;
			buildConfigurationList = 9796294B26C2C20100FD5FFB /* Build configuration list for PBXNativeTarget "ClearScoreTests" */;
			buildPhases = (
				1030918AA5F28AA5CA6DFD15 /* [CP] Check Pods Manifest.lock */,
				9796293026C2C20100FD5FFB /* Sources */,
				9796293126C2C20100FD5FFB /* Frameworks */,
				9796293226C2C20100FD5FFB /* Resources */,
			);
			buildRules = (
			);
			dependencies = (
				9796293626C2C20100FD5FFB /* PBXTargetDependency */,
			);
			name = ClearScoreTests;
			productName = ClearScoreTests;
			productReference = 9796293426C2C20100FD5FFB /* ClearScoreTests.xctest */;
			productType = "com.apple.product-type.bundle.unit-test";
		};
		9796293E26C2C20100FD5FFB /* ClearScoreUITests */ = {
			isa = PBXNativeTarget;
			buildConfigurationList = 9796294E26C2C20100FD5FFB /* Build configuration list for PBXNativeTarget "ClearScoreUITests" */;
			buildPhases = (
				0379B3F205183596530B857A /* [CP] Check Pods Manifest.lock */,
				9796293B26C2C20100FD5FFB /* Sources */,
				9796293C26C2C20100FD5FFB /* Frameworks */,
				9796293D26C2C20100FD5FFB /* Resources */,
				A61FACF3B3295648BD49850B /* [CP] Embed Pods Frameworks */,
			);
			buildRules = (
			);
			dependencies = (
				9796294126C2C20100FD5FFB /* PBXTargetDependency */,
			);
			name = ClearScoreUITests;
			productName = ClearScoreUITests;
			productReference = 9796293F26C2C20100FD5FFB /* ClearScoreUITests.xctest */;
			productType = "com.apple.product-type.bundle.ui-testing";
		};
/* End PBXNativeTarget section */

/* Begin PBXProject section */
		9796291626C2C1FF00FD5FFB /* Project object */ = {
			isa = PBXProject;
			attributes = {
				LastSwiftUpdateCheck = 1240;
				LastUpgradeCheck = 1240;
				TargetAttributes = {
					9796291D26C2C1FF00FD5FFB = {
						CreatedOnToolsVersion = 12.4;
					};
					9796293326C2C20100FD5FFB = {
						CreatedOnToolsVersion = 12.4;
						TestTargetID = 9796291D26C2C1FF00FD5FFB;
					};
					9796293E26C2C20100FD5FFB = {
						CreatedOnToolsVersion = 12.4;
						TestTargetID = 9796291D26C2C1FF00FD5FFB;
					};
				};
			};
			buildConfigurationList = 9796291926C2C1FF00FD5FFB /* Build configuration list for PBXProject "ClearScore" */;
			compatibilityVersion = "Xcode 9.3";
			developmentRegion = en;
			hasScannedForEncodings = 0;
			knownRegions = (
				en,
				Base,
			);
			mainGroup = 9796291526C2C1FF00FD5FFB;
			productRefGroup = 9796291F26C2C1FF00FD5FFB /* Products */;
			projectDirPath = "";
			projectRoot = "";
			targets = (
				9796291D26C2C1FF00FD5FFB /* ClearScore */,
				9796293326C2C20100FD5FFB /* ClearScoreTests */,
				9796293E26C2C20100FD5FFB /* ClearScoreUITests */,
			);
		};
/* End PBXProject section */

/* Begin PBXResourcesBuildPhase section */
		9796291C26C2C1FF00FD5FFB /* Resources */ = {
			isa = PBXResourcesBuildPhase;
			buildActionMask = 2147483647;
			files = (
				9796292E26C2C20100FD5FFB /* LaunchScreen.storyboard in Resources */,
				9796292B26C2C20100FD5FFB /* Assets.xcassets in Resources */,
				9796292926C2C1FF00FD5FFB /* Main.storyboard in Resources */,
			);
			runOnlyForDeploymentPostprocessing = 0;
		};
		9796293226C2C20100FD5FFB /* Resources */ = {
			isa = PBXResourcesBuildPhase;
			buildActionMask = 2147483647;
			files = (
			);
			runOnlyForDeploymentPostprocessing = 0;
		};
		9796293D26C2C20100FD5FFB /* Resources */ = {
			isa = PBXResourcesBuildPhase;
			buildActionMask = 2147483647;
			files = (
			);
			runOnlyForDeploymentPostprocessing = 0;
		};
/* End PBXResourcesBuildPhase section */

/* Begin PBXShellScriptBuildPhase section */
		0379B3F205183596530B857A /* [CP] Check Pods Manifest.lock */ = {
			isa = PBXShellScriptBuildPhase;
			buildActionMask = 2147483647;
			files = (
			);
			inputFileListPaths = (
			);
			inputPaths = (
				"${PODS_PODFILE_DIR_PATH}/Podfile.lock",
				"${PODS_ROOT}/Manifest.lock",
			);
			name = "[CP] Check Pods Manifest.lock";
			outputFileListPaths = (
			);
			outputPaths = (
				"$(DERIVED_FILE_DIR)/Pods-ClearScore-ClearScoreUITests-checkManifestLockResult.txt",
			);
			runOnlyForDeploymentPostprocessing = 0;
			shellPath = /bin/sh;
			shellScript = "diff \"${PODS_PODFILE_DIR_PATH}/Podfile.lock\" \"${PODS_ROOT}/Manifest.lock\" > /dev/null\nif [ $? != 0 ] ; then\n    # print error to STDERR\n    echo \"error: The sandbox is not in sync with the Podfile.lock. Run 'pod install' or update your CocoaPods installation.\" >&2\n    exit 1\nfi\n# This output is used by Xcode 'outputs' to avoid re-running this script phase.\necho \"SUCCESS\" > \"${SCRIPT_OUTPUT_FILE_0}\"\n";
			showEnvVarsInLog = 0;
		};
		1030918AA5F28AA5CA6DFD15 /* [CP] Check Pods Manifest.lock */ = {
			isa = PBXShellScriptBuildPhase;
			buildActionMask = 2147483647;
			files = (
			);
			inputFileListPaths = (
			);
			inputPaths = (
				"${PODS_PODFILE_DIR_PATH}/Podfile.lock",
				"${PODS_ROOT}/Manifest.lock",
			);
			name = "[CP] Check Pods Manifest.lock";
			outputFileListPaths = (
			);
			outputPaths = (
				"$(DERIVED_FILE_DIR)/Pods-ClearScoreTests-checkManifestLockResult.txt",
			);
			runOnlyForDeploymentPostprocessing = 0;
			shellPath = /bin/sh;
			shellScript = "diff \"${PODS_PODFILE_DIR_PATH}/Podfile.lock\" \"${PODS_ROOT}/Manifest.lock\" > /dev/null\nif [ $? != 0 ] ; then\n    # print error to STDERR\n    echo \"error: The sandbox is not in sync with the Podfile.lock. Run 'pod install' or update your CocoaPods installation.\" >&2\n    exit 1\nfi\n# This output is used by Xcode 'outputs' to avoid re-running this script phase.\necho \"SUCCESS\" > \"${SCRIPT_OUTPUT_FILE_0}\"\n";
			showEnvVarsInLog = 0;
		};
		4B35FAA6E070C094C62AFE52 /* [CP] Check Pods Manifest.lock */ = {
			isa = PBXShellScriptBuildPhase;
			buildActionMask = 2147483647;
			files = (
			);
			inputFileListPaths = (
			);
			inputPaths = (
				"${PODS_PODFILE_DIR_PATH}/Podfile.lock",
				"${PODS_ROOT}/Manifest.lock",
			);
			name = "[CP] Check Pods Manifest.lock";
			outputFileListPaths = (
			);
			outputPaths = (
				"$(DERIVED_FILE_DIR)/Pods-ClearScore-checkManifestLockResult.txt",
			);
			runOnlyForDeploymentPostprocessing = 0;
			shellPath = /bin/sh;
			shellScript = "diff \"${PODS_PODFILE_DIR_PATH}/Podfile.lock\" \"${PODS_ROOT}/Manifest.lock\" > /dev/null\nif [ $? != 0 ] ; then\n    # print error to STDERR\n    echo \"error: The sandbox is not in sync with the Podfile.lock. Run 'pod install' or update your CocoaPods installation.\" >&2\n    exit 1\nfi\n# This output is used by Xcode 'outputs' to avoid re-running this script phase.\necho \"SUCCESS\" > \"${SCRIPT_OUTPUT_FILE_0}\"\n";
			showEnvVarsInLog = 0;
		};
		94FE1F290B5A2115BC1F06B1 /* [CP] Embed Pods Frameworks */ = {
			isa = PBXShellScriptBuildPhase;
			buildActionMask = 2147483647;
			files = (
			);
			inputFileListPaths = (
				"${PODS_ROOT}/Target Support Files/Pods-ClearScore/Pods-ClearScore-frameworks-${CONFIGURATION}-input-files.xcfilelist",
			);
			name = "[CP] Embed Pods Frameworks";
			outputFileListPaths = (
				"${PODS_ROOT}/Target Support Files/Pods-ClearScore/Pods-ClearScore-frameworks-${CONFIGURATION}-output-files.xcfilelist",
			);
			runOnlyForDeploymentPostprocessing = 0;
			shellPath = /bin/sh;
			shellScript = "\"${PODS_ROOT}/Target Support Files/Pods-ClearScore/Pods-ClearScore-frameworks.sh\"\n";
			showEnvVarsInLog = 0;
		};
		A61FACF3B3295648BD49850B /* [CP] Embed Pods Frameworks */ = {
			isa = PBXShellScriptBuildPhase;
			buildActionMask = 2147483647;
			files = (
			);
			inputFileListPaths = (
				"${PODS_ROOT}/Target Support Files/Pods-ClearScore-ClearScoreUITests/Pods-ClearScore-ClearScoreUITests-frameworks-${CONFIGURATION}-input-files.xcfilelist",
			);
			name = "[CP] Embed Pods Frameworks";
			outputFileListPaths = (
				"${PODS_ROOT}/Target Support Files/Pods-ClearScore-ClearScoreUITests/Pods-ClearScore-ClearScoreUITests-frameworks-${CONFIGURATION}-output-files.xcfilelist",
			);
			runOnlyForDeploymentPostprocessing = 0;
			shellPath = /bin/sh;
			shellScript = "\"${PODS_ROOT}/Target Support Files/Pods-ClearScore-ClearScoreUITests/Pods-ClearScore-ClearScoreUITests-frameworks.sh\"\n";
			showEnvVarsInLog = 0;
		};
/* End PBXShellScriptBuildPhase section */

/* Begin PBXSourcesBuildPhase section */
		9796291A26C2C1FF00FD5FFB /* Sources */ = {
			isa = PBXSourcesBuildPhase;
			buildActionMask = 2147483647;
			files = (
				9796292626C2C1FF00FD5FFB /* ViewController.swift in Sources */,
				9796292226C2C1FF00FD5FFB /* AppDelegate.swift in Sources */,
				97077BFD26C2E3A700570DA1 /* CreditScore.swift in Sources */,
				9796295526C2C5D600FD5FFB /* API.swift in Sources */,
				9796292426C2C1FF00FD5FFB /* SceneDelegate.swift in Sources */,
			);
			runOnlyForDeploymentPostprocessing = 0;
		};
		9796293026C2C20100FD5FFB /* Sources */ = {
			isa = PBXSourcesBuildPhase;
			buildActionMask = 2147483647;
			files = (
				9796295626C2C5D600FD5FFB /* API.swift in Sources */,
				9796293926C2C20100FD5FFB /* ClearScoreTests.swift in Sources */,
				97077C0126C2E86400570DA1 /* CreditScore.swift in Sources */,
			);
			runOnlyForDeploymentPostprocessing = 0;
		};
		9796293B26C2C20100FD5FFB /* Sources */ = {
			isa = PBXSourcesBuildPhase;
			buildActionMask = 2147483647;
			files = (
				9796294426C2C20100FD5FFB /* ClearScoreUITests.swift in Sources */,
			);
			runOnlyForDeploymentPostprocessing = 0;
		};
/* End PBXSourcesBuildPhase section */

/* Begin PBXTargetDependency section */
		9796293626C2C20100FD5FFB /* PBXTargetDependency */ = {
			isa = PBXTargetDependency;
			target = 9796291D26C2C1FF00FD5FFB /* ClearScore */;
			targetProxy = 9796293526C2C20100FD5FFB /* PBXContainerItemProxy */;
		};
		9796294126C2C20100FD5FFB /* PBXTargetDependency */ = {
			isa = PBXTargetDependency;
			target = 9796291D26C2C1FF00FD5FFB /* ClearScore */;
			targetProxy = 9796294026C2C20100FD5FFB /* PBXContainerItemProxy */;
		};
/* End PBXTargetDependency section */

/* Begin PBXVariantGroup section */
		9796292726C2C1FF00FD5FFB /* Main.storyboard */ = {
			isa = PBXVariantGroup;
			children = (
				9796292826C2C1FF00FD5FFB /* Base */,
			);
			name = Main.storyboard;
			sourceTree = "<group>";
		};
		9796292C26C2C20100FD5FFB /* LaunchScreen.storyboard */ = {
			isa = PBXVariantGroup;
			children = (
				9796292D26C2C20100FD5FFB /* Base */,
			);
			name = LaunchScreen.storyboard;
			sourceTree = "<group>";
		};
/* End PBXVariantGroup section */

/* Begin XCBuildConfiguration section */
		9796294626C2C20100FD5FFB /* Debug */ = {
			isa = XCBuildConfiguration;
			buildSettings = {
				ALWAYS_SEARCH_USER_PATHS = NO;
				CLANG_ANALYZER_NONNULL = YES;
				CLANG_ANALYZER_NUMBER_OBJECT_CONVERSION = YES_AGGRESSIVE;
				CLANG_CXX_LANGUAGE_STANDARD = "gnu++14";
				CLANG_CXX_LIBRARY = "libc++";
				CLANG_ENABLE_MODULES = YES;
				CLANG_ENABLE_OBJC_ARC = YES;
				CLANG_ENABLE_OBJC_WEAK = YES;
				CLANG_WARN_BLOCK_CAPTURE_AUTORELEASING = YES;
				CLANG_WARN_BOOL_CONVERSION = YES;
				CLANG_WARN_COMMA = YES;
				CLANG_WARN_CONSTANT_CONVERSION = YES;
				CLANG_WARN_DEPRECATED_OBJC_IMPLEMENTATIONS = YES;
				CLANG_WARN_DIRECT_OBJC_ISA_USAGE = YES_ERROR;
				CLANG_WARN_DOCUMENTATION_COMMENTS = YES;
				CLANG_WARN_EMPTY_BODY = YES;
				CLANG_WARN_ENUM_CONVERSION = YES;
				CLANG_WARN_INFINITE_RECURSION = YES;
				CLANG_WARN_INT_CONVERSION = YES;
				CLANG_WARN_NON_LITERAL_NULL_CONVERSION = YES;
				CLANG_WARN_OBJC_IMPLICIT_RETAIN_SELF = YES;
				CLANG_WARN_OBJC_LITERAL_CONVERSION = YES;
				CLANG_WARN_OBJC_ROOT_CLASS = YES_ERROR;
				CLANG_WARN_QUOTED_INCLUDE_IN_FRAMEWORK_HEADER = YES;
				CLANG_WARN_RANGE_LOOP_ANALYSIS = YES;
				CLANG_WARN_STRICT_PROTOTYPES = YES;
				CLANG_WARN_SUSPICIOUS_MOVE = YES;
				CLANG_WARN_UNGUARDED_AVAILABILITY = YES_AGGRESSIVE;
				CLANG_WARN_UNREACHABLE_CODE = YES;
				CLANG_WARN__DUPLICATE_METHOD_MATCH = YES;
				COPY_PHASE_STRIP = NO;
				DEBUG_INFORMATION_FORMAT = dwarf;
				ENABLE_STRICT_OBJC_MSGSEND = YES;
				ENABLE_TESTABILITY = YES;
				GCC_C_LANGUAGE_STANDARD = gnu11;
				GCC_DYNAMIC_NO_PIC = NO;
				GCC_NO_COMMON_BLOCKS = YES;
				GCC_OPTIMIZATION_LEVEL = 0;
				GCC_PREPROCESSOR_DEFINITIONS = (
					"DEBUG=1",
					"$(inherited)",
				);
				GCC_WARN_64_TO_32_BIT_CONVERSION = YES;
				GCC_WARN_ABOUT_RETURN_TYPE = YES_ERROR;
				GCC_WARN_UNDECLARED_SELECTOR = YES;
				GCC_WARN_UNINITIALIZED_AUTOS = YES_AGGRESSIVE;
				GCC_WARN_UNUSED_FUNCTION = YES;
				GCC_WARN_UNUSED_VARIABLE = YES;
				IPHONEOS_DEPLOYMENT_TARGET = 14.4;
				MTL_ENABLE_DEBUG_INFO = INCLUDE_SOURCE;
				MTL_FAST_MATH = YES;
				ONLY_ACTIVE_ARCH = YES;
				SDKROOT = iphoneos;
				SWIFT_ACTIVE_COMPILATION_CONDITIONS = DEBUG;
				SWIFT_OPTIMIZATION_LEVEL = "-Onone";
			};
			name = Debug;
		};
		9796294726C2C20100FD5FFB /* Release */ = {
			isa = XCBuildConfiguration;
			buildSettings = {
				ALWAYS_SEARCH_USER_PATHS = NO;
				CLANG_ANALYZER_NONNULL = YES;
				CLANG_ANALYZER_NUMBER_OBJECT_CONVERSION = YES_AGGRESSIVE;
				CLANG_CXX_LANGUAGE_STANDARD = "gnu++14";
				CLANG_CXX_LIBRARY = "libc++";
				CLANG_ENABLE_MODULES = YES;
				CLANG_ENABLE_OBJC_ARC = YES;
				CLANG_ENABLE_OBJC_WEAK = YES;
				CLANG_WARN_BLOCK_CAPTURE_AUTORELEASING = YES;
				CLANG_WARN_BOOL_CONVERSION = YES;
				CLANG_WARN_COMMA = YES;
				CLANG_WARN_CONSTANT_CONVERSION = YES;
				CLANG_WARN_DEPRECATED_OBJC_IMPLEMENTATIONS = YES;
				CLANG_WARN_DIRECT_OBJC_ISA_USAGE = YES_ERROR;
				CLANG_WARN_DOCUMENTATION_COMMENTS = YES;
				CLANG_WARN_EMPTY_BODY = YES;
				CLANG_WARN_ENUM_CONVERSION = YES;
				CLANG_WARN_INFINITE_RECURSION = YES;
				CLANG_WARN_INT_CONVERSION = YES;
				CLANG_WARN_NON_LITERAL_NULL_CONVERSION = YES;
				CLANG_WARN_OBJC_IMPLICIT_RETAIN_SELF = YES;
				CLANG_WARN_OBJC_LITERAL_CONVERSION = YES;
				CLANG_WARN_OBJC_ROOT_CLASS = YES_ERROR;
				CLANG_WARN_QUOTED_INCLUDE_IN_FRAMEWORK_HEADER = YES;
				CLANG_WARN_RANGE_LOOP_ANALYSIS = YES;
				CLANG_WARN_STRICT_PROTOTYPES = YES;
				CLANG_WARN_SUSPICIOUS_MOVE = YES;
				CLANG_WARN_UNGUARDED_AVAILABILITY = YES_AGGRESSIVE;
				CLANG_WARN_UNREACHABLE_CODE = YES;
				CLANG_WARN__DUPLICATE_METHOD_MATCH = YES;
				COPY_PHASE_STRIP = NO;
				DEBUG_INFORMATION_FORMAT = "dwarf-with-dsym";
				ENABLE_NS_ASSERTIONS = NO;
				ENABLE_STRICT_OBJC_MSGSEND = YES;
				GCC_C_LANGUAGE_STANDARD = gnu11;
				GCC_NO_COMMON_BLOCKS = YES;
				GCC_WARN_64_TO_32_BIT_CONVERSION = YES;
				GCC_WARN_ABOUT_RETURN_TYPE = YES_ERROR;
				GCC_WARN_UNDECLARED_SELECTOR = YES;
				GCC_WARN_UNINITIALIZED_AUTOS = YES_AGGRESSIVE;
				GCC_WARN_UNUSED_FUNCTION = YES;
				GCC_WARN_UNUSED_VARIABLE = YES;
				IPHONEOS_DEPLOYMENT_TARGET = 14.4;
				MTL_ENABLE_DEBUG_INFO = NO;
				MTL_FAST_MATH = YES;
				SDKROOT = iphoneos;
				SWIFT_COMPILATION_MODE = wholemodule;
				SWIFT_OPTIMIZATION_LEVEL = "-O";
				VALIDATE_PRODUCT = YES;
			};
			name = Release;
		};
		9796294926C2C20100FD5FFB /* Debug */ = {
			isa = XCBuildConfiguration;
			baseConfigurationReference = BEA1962A21B68B107598C406 /* Pods-ClearScore.debug.xcconfig */;
			buildSettings = {
				ASSETCATALOG_COMPILER_APPICON_NAME = AppIcon;
				ASSETCATALOG_COMPILER_GLOBAL_ACCENT_COLOR_NAME = AccentColor;
				CODE_SIGN_STYLE = Automatic;
				DEVELOPMENT_TEAM = KJW5SEM824;
				INFOPLIST_FILE = ClearScore/Info.plist;
				LD_RUNPATH_SEARCH_PATHS = (
					"$(inherited)",
					"@executable_path/Frameworks",
				);
				PRODUCT_BUNDLE_IDENTIFIER = com.cuffedtothekeyboard.ClearScore;
				PRODUCT_NAME = "$(TARGET_NAME)";
				SWIFT_VERSION = 5.0;
				TARGETED_DEVICE_FAMILY = "1,2";
			};
			name = Debug;
		};
		9796294A26C2C20100FD5FFB /* Release */ = {
			isa = XCBuildConfiguration;
			baseConfigurationReference = C66D4952AF30093CCCA642F1 /* Pods-ClearScore.release.xcconfig */;
			buildSettings = {
				ASSETCATALOG_COMPILER_APPICON_NAME = AppIcon;
				ASSETCATALOG_COMPILER_GLOBAL_ACCENT_COLOR_NAME = AccentColor;
				CODE_SIGN_STYLE = Automatic;
				DEVELOPMENT_TEAM = KJW5SEM824;
				INFOPLIST_FILE = ClearScore/Info.plist;
				LD_RUNPATH_SEARCH_PATHS = (
					"$(inherited)",
					"@executable_path/Frameworks",
				);
				PRODUCT_BUNDLE_IDENTIFIER = com.cuffedtothekeyboard.ClearScore;
				PRODUCT_NAME = "$(TARGET_NAME)";
				SWIFT_VERSION = 5.0;
				TARGETED_DEVICE_FAMILY = "1,2";
			};
			name = Release;
		};
		9796294C26C2C20100FD5FFB /* Debug */ = {
			isa = XCBuildConfiguration;
			baseConfigurationReference = 90243C0547B7468C9073C36D /* Pods-ClearScoreTests.debug.xcconfig */;
			buildSettings = {
				ALWAYS_EMBED_SWIFT_STANDARD_LIBRARIES = YES;
				BUNDLE_LOADER = "$(TEST_HOST)";
				CODE_SIGN_STYLE = Automatic;
				DEVELOPMENT_TEAM = KJW5SEM824;
				INFOPLIST_FILE = ClearScoreTests/Info.plist;
				IPHONEOS_DEPLOYMENT_TARGET = 14.4;
				LD_RUNPATH_SEARCH_PATHS = (
					"$(inherited)",
					"@executable_path/Frameworks",
					"@loader_path/Frameworks",
				);
				PRODUCT_BUNDLE_IDENTIFIER = com.cuffedtothekeyboard.ClearScoreTests;
				PRODUCT_NAME = "$(TARGET_NAME)";
				SWIFT_VERSION = 5.0;
				TARGETED_DEVICE_FAMILY = "1,2";
				TEST_HOST = "$(BUILT_PRODUCTS_DIR)/ClearScore.app/ClearScore";
			};
			name = Debug;
		};
		9796294D26C2C20100FD5FFB /* Release */ = {
			isa = XCBuildConfiguration;
			baseConfigurationReference = 25BB9CDE936521F3A19DD821 /* Pods-ClearScoreTests.release.xcconfig */;
			buildSettings = {
				ALWAYS_EMBED_SWIFT_STANDARD_LIBRARIES = YES;
				BUNDLE_LOADER = "$(TEST_HOST)";
				CODE_SIGN_STYLE = Automatic;
				DEVELOPMENT_TEAM = KJW5SEM824;
				INFOPLIST_FILE = ClearScoreTests/Info.plist;
				IPHONEOS_DEPLOYMENT_TARGET = 14.4;
				LD_RUNPATH_SEARCH_PATHS = (
					"$(inherited)",
					"@executable_path/Frameworks",
					"@loader_path/Frameworks",
				);
				PRODUCT_BUNDLE_IDENTIFIER = com.cuffedtothekeyboard.ClearScoreTests;
				PRODUCT_NAME = "$(TARGET_NAME)";
				SWIFT_VERSION = 5.0;
				TARGETED_DEVICE_FAMILY = "1,2";
				TEST_HOST = "$(BUILT_PRODUCTS_DIR)/ClearScore.app/ClearScore";
			};
			name = Release;
		};
		9796294F26C2C20100FD5FFB /* Debug */ = {
			isa = XCBuildConfiguration;
			baseConfigurationReference = B8FDEBF37F5BD6756E45C86A /* Pods-ClearScore-ClearScoreUITests.debug.xcconfig */;
			buildSettings = {
				ALWAYS_EMBED_SWIFT_STANDARD_LIBRARIES = YES;
				CODE_SIGN_STYLE = Automatic;
				DEVELOPMENT_TEAM = KJW5SEM824;
				INFOPLIST_FILE = ClearScoreUITests/Info.plist;
				LD_RUNPATH_SEARCH_PATHS = (
					"$(inherited)",
					"@executable_path/Frameworks",
					"@loader_path/Frameworks",
				);
				PRODUCT_BUNDLE_IDENTIFIER = com.cuffedtothekeyboard.ClearScoreUITests;
				PRODUCT_NAME = "$(TARGET_NAME)";
				SWIFT_VERSION = 5.0;
				TARGETED_DEVICE_FAMILY = "1,2";
				TEST_TARGET_NAME = ClearScore;
			};
			name = Debug;
		};
		9796295026C2C20100FD5FFB /* Release */ = {
			isa = XCBuildConfiguration;
			baseConfigurationReference = DB800602A54B984E4C399E45 /* Pods-ClearScore-ClearScoreUITests.release.xcconfig */;
			buildSettings = {
				ALWAYS_EMBED_SWIFT_STANDARD_LIBRARIES = YES;
				CODE_SIGN_STYLE = Automatic;
				DEVELOPMENT_TEAM = KJW5SEM824;
				INFOPLIST_FILE = ClearScoreUITests/Info.plist;
				LD_RUNPATH_SEARCH_PATHS = (
					"$(inherited)",
					"@executable_path/Frameworks",
					"@loader_path/Frameworks",
				);
				PRODUCT_BUNDLE_IDENTIFIER = com.cuffedtothekeyboard.ClearScoreUITests;
				PRODUCT_NAME = "$(TARGET_NAME)";
				SWIFT_VERSION = 5.0;
				TARGETED_DEVICE_FAMILY = "1,2";
				TEST_TARGET_NAME = ClearScore;
			};
			name = Release;
		};
/* End XCBuildConfiguration section */

/* Begin XCConfigurationList section */
		9796291926C2C1FF00FD5FFB /* Build configuration list for PBXProject "ClearScore" */ = {
			isa = XCConfigurationList;
			buildConfigurations = (
				9796294626C2C20100FD5FFB /* Debug */,
				9796294726C2C20100FD5FFB /* Release */,
			);
			defaultConfigurationIsVisible = 0;
			defaultConfigurationName = Release;
		};
		9796294826C2C20100FD5FFB /* Build configuration list for PBXNativeTarget "ClearScore" */ = {
			isa = XCConfigurationList;
			buildConfigurations = (
				9796294926C2C20100FD5FFB /* Debug */,
				9796294A26C2C20100FD5FFB /* Release */,
			);
			defaultConfigurationIsVisible = 0;
			defaultConfigurationName = Release;
		};
		9796294B26C2C20100FD5FFB /* Build configuration list for PBXNativeTarget "ClearScoreTests" */ = {
			isa = XCConfigurationList;
			buildConfigurations = (
				9796294C26C2C20100FD5FFB /* Debug */,
				9796294D26C2C20100FD5FFB /* Release */,
			);
			defaultConfigurationIsVisible = 0;
			defaultConfigurationName = Release;
		};
		9796294E26C2C20100FD5FFB /* Build configuration list for PBXNativeTarget "ClearScoreUITests" */ = {
			isa = XCConfigurationList;
			buildConfigurations = (
				9796294F26C2C20100FD5FFB /* Debug */,
				9796295026C2C20100FD5FFB /* Release */,
			);
			defaultConfigurationIsVisible = 0;
			defaultConfigurationName = Release;
		};
/* End XCConfigurationList section */
	};
	rootObject = 9796291626C2C1FF00FD5FFB /* Project object */;
}
